
Microsoft Visual Studio Solution File, Format Version 12.00
# Visual Studio Version 17
VisualStudioVersion = 17.11.35312.102
MinimumVisualStudioVersion = 10.0.40219.1
Project("{FAE04EC0-301F-11D3-BF4B-00C04F79EFBC}") = "exam", "exam\exam.csproj", "{D42EE6FB-ACBC-43EA-98A0-B29E3117247B}"
EndProject
Global
	GlobalSection(SolutionConfigurationPlatforms) = preSolution
		Debug|Any CPU = Debug|Any CPU
		Release|Any CPU = Release|Any CPU
	EndGlobalSection
	GlobalSection(ProjectConfigurationPlatforms) = postSolution
		{D42EE6FB-ACBC-43EA-98A0-B29E3117247B}.Debug|Any CPU.ActiveCfg = Debug|Any CPU
		{D42EE6FB-ACBC-43EA-98A0-B29E3117247B}.Debug|Any CPU.Build.0 = Debug|Any CPU
		{D42EE6FB-ACBC-43EA-98A0-B29E3117247B}.Release|Any CPU.ActiveCfg = Release|Any CPU
		{D42EE6FB-ACBC-43EA-98A0-B29E3117247B}.Release|Any CPU.Build.0 = Release|Any CPU
	EndGlobalSection
	GlobalSection(SolutionProperties) = preSolution
		HideSolutionNode = FALSE
	EndGlobalSection
	GlobalSection(ExtensibilityGlobals) = postSolution
		SolutionGuid = {266F81AA-85EF-4BD0-B6D8-24E2801D7985}
	EndGlobalSection
EndGlobal
